
Microsoft Visual Studio Solution File, Format Version 12.00
# Visual Studio Version 17
VisualStudioVersion = 17.6.33417.168
MinimumVisualStudioVersion = 10.0.40219.1
Project("{FAE04EC0-301F-11D3-BF4B-00C04F79EFBC}") = "Consumer", "Consumer\Consumer.csproj", "{7FF24F63-31F7-4218-838B-182022AEDFAA}"
EndProject
Project("{FAE04EC0-301F-11D3-BF4B-00C04F79EFBC}") = "ProcessMe", "ProcessMe\ProcessMe.csproj", "{601041B6-6FA0-4FB5-BC7C-2CC81D22AFEB}"
EndProject
Global
	GlobalSection(SolutionConfigurationPlatforms) = preSolution
		Debug|Any CPU = Debug|Any CPU
		Release|Any CPU = Release|Any CPU
	EndGlobalSection
	GlobalSection(ProjectConfigurationPlatforms) = postSolution
		{7FF24F63-31F7-4218-838B-182022AEDFAA}.Debug|Any CPU.ActiveCfg = Debug|Any CPU
		{7FF24F63-31F7-4218-838B-182022AEDFAA}.Debug|Any CPU.Build.0 = Debug|Any CPU
		{7FF24F63-31F7-4218-838B-182022AEDFAA}.Release|Any CPU.ActiveCfg = Release|Any CPU
		{7FF24F63-31F7-4218-838B-182022AEDFAA}.Release|Any CPU.Build.0 = Release|Any CPU
		{601041B6-6FA0-4FB5-BC7C-2CC81D22AFEB}.Debug|Any CPU.ActiveCfg = Debug|Any CPU
		{601041B6-6FA0-4FB5-BC7C-2CC81D22AFEB}.Debug|Any CPU.Build.0 = Debug|Any CPU
		{601041B6-6FA0-4FB5-BC7C-2CC81D22AFEB}.Release|Any CPU.ActiveCfg = Release|Any CPU
		{601041B6-6FA0-4FB5-BC7C-2CC81D22AFEB}.Release|Any CPU.Build.0 = Release|Any CPU
	EndGlobalSection
	GlobalSection(SolutionProperties) = preSolution
		HideSolutionNode = FALSE
	EndGlobalSection
	GlobalSection(ExtensibilityGlobals) = postSolution
		SolutionGuid = {B6E9A3B3-FC1F-4CA8-B50E-3E41423C5BD6}
	EndGlobalSection
EndGlobal
